
Microsoft Visual Studio Solution File, Format Version 12.00
# Visual Studio Version 17
VisualStudioVersion = 17.9.34622.214
MinimumVisualStudioVersion = 10.0.40219.1
Project("{9A19103F-16F7-4668-BE54-9A1E7A4F7556}") = "AppNumeroDaSorte", "AppNumeroDaSorte\AppNumeroDaSorte.csproj", "{4A3EFDA5-C524-4C16-B4EA-0B96DBDF0622}"
EndProject
Project("{FAE04EC0-301F-11D3-BF4B-00C04F79EFBC}") = "AppContentPage", "AppContentPage\AppContentPage.csproj", "{1F892BCD-F2B9-4453-A395-C21AD9F1B175}"
EndProject
Project("{FAE04EC0-301F-11D3-BF4B-00C04F79EFBC}") = "AppNavigationPage", "AppNavigationPage\AppNavigationPage.csproj", "{75B04905-41A3-494C-AE09-64CB08024798}"
EndProject
Project("{9A19103F-16F7-4668-BE54-9A1E7A4F7556}") = "AppFlyoutPage", "AppFlyoutPage\AppFlyoutPage.csproj", "{439C6223-E87C-4561-A48B-9482F907098A}"
EndProject
Project("{FAE04EC0-301F-11D3-BF4B-00C04F79EFBC}") = "AppTabbedPage", "AppTabbedPage\AppTabbedPage.csproj", "{10BA47EC-4026-458A-9B4C-D05E9B0BAEF0}"
EndProject
Project("{9A19103F-16F7-4668-BE54-9A1E7A4F7556}") = "AppMAUIGallery", "AppMAUIGallery\AppMAUIGallery.csproj", "{867DEAE7-B557-4A1A-B975-EA8DB81CA4E5}"
EndProject
Project("{FAE04EC0-301F-11D3-BF4B-00C04F79EFBC}") = "AppMVVM", "AppMVVM\AppMVVM.csproj", "{D2EB0335-8384-4FAD-BF32-6C38BD5D3B75}"
EndProject
Project("{9A19103F-16F7-4668-BE54-9A1E7A4F7556}") = "AppTask", "AppTask\AppTask.csproj", "{91FCD73C-874F-4703-B853-91798A8D40F8}"
EndProject
Project("{9A19103F-16F7-4668-BE54-9A1E7A4F7556}") = "AppTask.Models", "AppTask.Models\AppTask.Models.csproj", "{EEBDBB60-7104-488D-94AC-98D84CF6663C}"
EndProject
Project("{2150E333-8FDC-42A3-9474-1A3956D46DE8}") = "Task", "Task", "{51CFD852-FF09-44C0-AD90-BE002FF175AA}"
EndProject
Project("{9A19103F-16F7-4668-BE54-9A1E7A4F7556}") = "AppTask.DataBase", "AppTask.DataBase\AppTask.DataBase.csproj", "{9B98A54A-3A60-48F7-BC5E-0D1A86CBD60C}"
EndProject
Project("{FAE04EC0-301F-11D3-BF4B-00C04F79EFBC}") = "AppTask.DataBase.Migration.Runtime", "AppTask.DataBase.Migration.Runtime\AppTask.DataBase.Migration.Runtime.csproj", "{B718C074-3171-49D1-BEA1-CE0C290F5A7E}"
EndProject
Project("{2150E333-8FDC-42A3-9474-1A3956D46DE8}") = "Util", "Util", "{5AD4F005-F859-4492-B023-CD34CD39FC01}"
EndProject
Global
	GlobalSection(SolutionConfigurationPlatforms) = preSolution
		Debug|Any CPU = Debug|Any CPU
		Release|Any CPU = Release|Any CPU
	EndGlobalSection
	GlobalSection(ProjectConfigurationPlatforms) = postSolution
		{4A3EFDA5-C524-4C16-B4EA-0B96DBDF0622}.Debug|Any CPU.ActiveCfg = Debug|Any CPU
		{4A3EFDA5-C524-4C16-B4EA-0B96DBDF0622}.Debug|Any CPU.Build.0 = Debug|Any CPU
		{4A3EFDA5-C524-4C16-B4EA-0B96DBDF0622}.Debug|Any CPU.Deploy.0 = Debug|Any CPU
		{4A3EFDA5-C524-4C16-B4EA-0B96DBDF0622}.Release|Any CPU.ActiveCfg = Release|Any CPU
		{4A3EFDA5-C524-4C16-B4EA-0B96DBDF0622}.Release|Any CPU.Build.0 = Release|Any CPU
		{4A3EFDA5-C524-4C16-B4EA-0B96DBDF0622}.Release|Any CPU.Deploy.0 = Release|Any CPU
		{1F892BCD-F2B9-4453-A395-C21AD9F1B175}.Debug|Any CPU.ActiveCfg = Debug|Any CPU
		{1F892BCD-F2B9-4453-A395-C21AD9F1B175}.Debug|Any CPU.Build.0 = Debug|Any CPU
		{1F892BCD-F2B9-4453-A395-C21AD9F1B175}.Debug|Any CPU.Deploy.0 = Debug|Any CPU
		{1F892BCD-F2B9-4453-A395-C21AD9F1B175}.Release|Any CPU.ActiveCfg = Release|Any CPU
		{1F892BCD-F2B9-4453-A395-C21AD9F1B175}.Release|Any CPU.Build.0 = Release|Any CPU
		{1F892BCD-F2B9-4453-A395-C21AD9F1B175}.Release|Any CPU.Deploy.0 = Release|Any CPU
		{75B04905-41A3-494C-AE09-64CB08024798}.Debug|Any CPU.ActiveCfg = Debug|Any CPU
		{75B04905-41A3-494C-AE09-64CB08024798}.Debug|Any CPU.Build.0 = Debug|Any CPU
		{75B04905-41A3-494C-AE09-64CB08024798}.Debug|Any CPU.Deploy.0 = Debug|Any CPU
		{75B04905-41A3-494C-AE09-64CB08024798}.Release|Any CPU.ActiveCfg = Release|Any CPU
		{75B04905-41A3-494C-AE09-64CB08024798}.Release|Any CPU.Build.0 = Release|Any CPU
		{75B04905-41A3-494C-AE09-64CB08024798}.Release|Any CPU.Deploy.0 = Release|Any CPU
		{439C6223-E87C-4561-A48B-9482F907098A}.Debug|Any CPU.ActiveCfg = Debug|Any CPU
		{439C6223-E87C-4561-A48B-9482F907098A}.Debug|Any CPU.Build.0 = Debug|Any CPU
		{439C6223-E87C-4561-A48B-9482F907098A}.Debug|Any CPU.Deploy.0 = Debug|Any CPU
		{439C6223-E87C-4561-A48B-9482F907098A}.Release|Any CPU.ActiveCfg = Release|Any CPU
		{439C6223-E87C-4561-A48B-9482F907098A}.Release|Any CPU.Build.0 = Release|Any CPU
		{439C6223-E87C-4561-A48B-9482F907098A}.Release|Any CPU.Deploy.0 = Release|Any CPU
		{10BA47EC-4026-458A-9B4C-D05E9B0BAEF0}.Debug|Any CPU.ActiveCfg = Debug|Any CPU
		{10BA47EC-4026-458A-9B4C-D05E9B0BAEF0}.Debug|Any CPU.Build.0 = Debug|Any CPU
		{10BA47EC-4026-458A-9B4C-D05E9B0BAEF0}.Debug|Any CPU.Deploy.0 = Debug|Any CPU
		{10BA47EC-4026-458A-9B4C-D05E9B0BAEF0}.Release|Any CPU.ActiveCfg = Release|Any CPU
		{10BA47EC-4026-458A-9B4C-D05E9B0BAEF0}.Release|Any CPU.Build.0 = Release|Any CPU
		{10BA47EC-4026-458A-9B4C-D05E9B0BAEF0}.Release|Any CPU.Deploy.0 = Release|Any CPU
		{867DEAE7-B557-4A1A-B975-EA8DB81CA4E5}.Debug|Any CPU.ActiveCfg = Debug|Any CPU
		{867DEAE7-B557-4A1A-B975-EA8DB81CA4E5}.Debug|Any CPU.Build.0 = Debug|Any CPU
		{867DEAE7-B557-4A1A-B975-EA8DB81CA4E5}.Debug|Any CPU.Deploy.0 = Debug|Any CPU
		{867DEAE7-B557-4A1A-B975-EA8DB81CA4E5}.Release|Any CPU.ActiveCfg = Release|Any CPU
		{867DEAE7-B557-4A1A-B975-EA8DB81CA4E5}.Release|Any CPU.Build.0 = Release|Any CPU
		{867DEAE7-B557-4A1A-B975-EA8DB81CA4E5}.Release|Any CPU.Deploy.0 = Release|Any CPU
		{D2EB0335-8384-4FAD-BF32-6C38BD5D3B75}.Debug|Any CPU.ActiveCfg = Debug|Any CPU
		{D2EB0335-8384-4FAD-BF32-6C38BD5D3B75}.Debug|Any CPU.Build.0 = Debug|Any CPU
		{D2EB0335-8384-4FAD-BF32-6C38BD5D3B75}.Debug|Any CPU.Deploy.0 = Debug|Any CPU
		{D2EB0335-8384-4FAD-BF32-6C38BD5D3B75}.Release|Any CPU.ActiveCfg = Release|Any CPU
		{D2EB0335-8384-4FAD-BF32-6C38BD5D3B75}.Release|Any CPU.Build.0 = Release|Any CPU
		{D2EB0335-8384-4FAD-BF32-6C38BD5D3B75}.Release|Any CPU.Deploy.0 = Release|Any CPU
		{91FCD73C-874F-4703-B853-91798A8D40F8}.Debug|Any CPU.ActiveCfg = Debug|Any CPU
		{91FCD73C-874F-4703-B853-91798A8D40F8}.Debug|Any CPU.Build.0 = Debug|Any CPU
		{91FCD73C-874F-4703-B853-91798A8D40F8}.Debug|Any CPU.Deploy.0 = Debug|Any CPU
		{91FCD73C-874F-4703-B853-91798A8D40F8}.Release|Any CPU.ActiveCfg = Release|Any CPU
		{91FCD73C-874F-4703-B853-91798A8D40F8}.Release|Any CPU.Build.0 = Release|Any CPU
		{91FCD73C-874F-4703-B853-91798A8D40F8}.Release|Any CPU.Deploy.0 = Release|Any CPU
		{EEBDBB60-7104-488D-94AC-98D84CF6663C}.Debug|Any CPU.ActiveCfg = Debug|Any CPU
		{EEBDBB60-7104-488D-94AC-98D84CF6663C}.Debug|Any CPU.Build.0 = Debug|Any CPU
		{EEBDBB60-7104-488D-94AC-98D84CF6663C}.Release|Any CPU.ActiveCfg = Release|Any CPU
		{EEBDBB60-7104-488D-94AC-98D84CF6663C}.Release|Any CPU.Build.0 = Release|Any CPU
		{9B98A54A-3A60-48F7-BC5E-0D1A86CBD60C}.Debug|Any CPU.ActiveCfg = Debug|Any CPU
		{9B98A54A-3A60-48F7-BC5E-0D1A86CBD60C}.Debug|Any CPU.Build.0 = Debug|Any CPU
		{9B98A54A-3A60-48F7-BC5E-0D1A86CBD60C}.Release|Any CPU.ActiveCfg = Release|Any CPU
		{9B98A54A-3A60-48F7-BC5E-0D1A86CBD60C}.Release|Any CPU.Build.0 = Release|Any CPU
		{B718C074-3171-49D1-BEA1-CE0C290F5A7E}.Debug|Any CPU.ActiveCfg = Debug|Any CPU
		{B718C074-3171-49D1-BEA1-CE0C290F5A7E}.Debug|Any CPU.Build.0 = Debug|Any CPU
		{B718C074-3171-49D1-BEA1-CE0C290F5A7E}.Release|Any CPU.ActiveCfg = Release|Any CPU
		{B718C074-3171-49D1-BEA1-CE0C290F5A7E}.Release|Any CPU.Build.0 = Release|Any CPU
	EndGlobalSection
	GlobalSection(SolutionProperties) = preSolution
		HideSolutionNode = FALSE
	EndGlobalSection
	GlobalSection(NestedProjects) = preSolution
		{91FCD73C-874F-4703-B853-91798A8D40F8} = {51CFD852-FF09-44C0-AD90-BE002FF175AA}
		{EEBDBB60-7104-488D-94AC-98D84CF6663C} = {51CFD852-FF09-44C0-AD90-BE002FF175AA}
		{9B98A54A-3A60-48F7-BC5E-0D1A86CBD60C} = {51CFD852-FF09-44C0-AD90-BE002FF175AA}
		{B718C074-3171-49D1-BEA1-CE0C290F5A7E} = {5AD4F005-F859-4492-B023-CD34CD39FC01}
		{5AD4F005-F859-4492-B023-CD34CD39FC01} = {51CFD852-FF09-44C0-AD90-BE002FF175AA}
	EndGlobalSection
	GlobalSection(ExtensibilityGlobals) = postSolution
		SolutionGuid = {F5863BAC-1155-43DB-B661-0277FC8360A9}
	EndGlobalSection
EndGlobal
